version = 1
revision = 1
requires-python = ">=3.13"

[[package]]
name = "bad-apple"
version = "0.1.0"
source = { virtual = "." }
dependencies = [
    { name = "pycairo" },
    { name = "pygobject" },
    { name = "pympress" },
    { name = "python-ffmpeg" },
    { name = "yt-dlp" },
]

[package.metadata]
requires-dist = [
    { name = "pycairo", specifier = ">=1.27.0" },
    { name = "pygobject", specifier = ">=3.52.3" },
    { name = "pympress" },
    { name = "python-ffmpeg" },
    { name = "yt-dlp" },
]

[[package]]
name = "pycairo"
version = "1.27.0"
source = { registry = "https://pypi.org/simple" }
sdist = { url = "https://files.pythonhosted.org/packages/07/4a/42b26390181a7517718600fa7d98b951da20be982a50cd4afb3d46c2e603/pycairo-1.27.0.tar.gz", hash = "sha256:5cb21e7a00a2afcafea7f14390235be33497a2cce53a98a19389492a60628430", size = 661450 }
wheels = [
    { url = "https://files.pythonhosted.org/packages/93/76/35d2feef50584cb00d2b4d2215337b0bc765508f8856735a41bfedcb4699/pycairo-1.27.0-cp313-cp313-win32.whl", hash = "sha256:01505c138a313df2469f812405963532fc2511fb9bca9bdc8e0ab94c55d1ced8", size = 750001 },
    { url = "https://files.pythonhosted.org/packages/9c/e7/92d6e57deee53229bb8b3f7df6d02c503585be7bdd69cb9e54f34aab089b/pycairo-1.27.0-cp313-cp313-win_amd64.whl", hash = "sha256:b0349d744c068b6644ae23da6ada111c8a8a7e323b56cbce3707cba5bdb474cc", size = 844102 },
]

[[package]]
name = "pyee"
version = "13.0.0"
source = { registry = "https://pypi.org/simple" }
dependencies = [
    { name = "typing-extensions" },
]
sdist = { url = "https://files.pythonhosted.org/packages/95/03/1fd98d5841cd7964a27d729ccf2199602fe05eb7a405c1462eb7277945ed/pyee-13.0.0.tar.gz", hash = "sha256:b391e3c5a434d1f5118a25615001dbc8f669cf410ab67d04c4d4e07c55481c37", size = 31250 }
wheels = [
    { url = "https://files.pythonhosted.org/packages/9b/4d/b9add7c84060d4c1906abe9a7e5359f2a60f7a9a4f67268b2766673427d8/pyee-13.0.0-py3-none-any.whl", hash = "sha256:48195a3cddb3b1515ce0695ed76036b5ccc2ef3a9f963ff9f77aec0139845498", size = 15730 },
]

[[package]]
name = "pygobject"
version = "3.52.3"
source = { registry = "https://pypi.org/simple" }
dependencies = [
    { name = "pycairo" },
]
sdist = { url = "https://files.pythonhosted.org/packages/4a/36/fec530a313d3d48f12e112ac0a65ee3ccc87f385123a0493715609e8e99c/pygobject-3.52.3.tar.gz", hash = "sha256:00e427d291e957462a8fad659a9f9c8be776ff82a8b76bdf402f1eaeec086d82", size = 1235825 }

[[package]]
name = "pympress"
version = "1.8.5"
source = { registry = "https://pypi.org/simple" }
dependencies = [
    { name = "watchdog" },
]
sdist = { url = "https://files.pythonhosted.org/packages/fb/e2/91827c485aae28d69f0b40c6d366b9f6eb96d8208a98af0345e0ade3fbbd/pympress-1.8.5.tar.gz", hash = "sha256:29bd39115d05f254da993abba42d54a0e9187f4e2ce7c363324b15136c530bf6", size = 233617 }
wheels = [
    { url = "https://files.pythonhosted.org/packages/d4/5f/e381aa1d40c78b4c8e860dd61d7fae202156c57f8fe64253a5529db2ad6b/pympress-1.8.5-py3-none-any.whl", hash = "sha256:d148bdde715795f18f4ab2bf63a2c65935b60120ee19a81ff6832c6f480e0e1a", size = 281876 },
]

[[package]]
name = "python-ffmpeg"
version = "2.0.12"
source = { registry = "https://pypi.org/simple" }
dependencies = [
    { name = "pyee" },
    { name = "typing-extensions" },
]
sdist = { url = "https://files.pythonhosted.org/packages/dd/4d/7ecffb341d646e016be76e36f5a42cb32f409c9ca21a57b68f067fad3fc7/python_ffmpeg-2.0.12.tar.gz", hash = "sha256:19ac80af5a064a2f53c245af1a909b2d7648ea045500d96d3bcd507b88d43dc7", size = 14126292 }
wheels = [
    { url = "https://files.pythonhosted.org/packages/7f/6d/02e817aec661defe148cb9eb0c4eca2444846305f625c2243fb9f92a9045/python_ffmpeg-2.0.12-py3-none-any.whl", hash = "sha256:d86697da8dfb39335183e336d31baf42fb217468adf5ac97fd743898240faae3", size = 14411 },
]

[[package]]
name = "typing-extensions"
version = "4.13.1"
source = { registry = "https://pypi.org/simple" }
sdist = { url = "https://files.pythonhosted.org/packages/76/ad/cd3e3465232ec2416ae9b983f27b9e94dc8171d56ac99b345319a9475967/typing_extensions-4.13.1.tar.gz", hash = "sha256:98795af00fb9640edec5b8e31fc647597b4691f099ad75f469a2616be1a76dff", size = 106633 }
wheels = [
    { url = "https://files.pythonhosted.org/packages/df/c5/e7a0b0f5ed69f94c8ab7379c599e6036886bffcde609969a5325f47f1332/typing_extensions-4.13.1-py3-none-any.whl", hash = "sha256:4b6cf02909eb5495cfbc3f6e8fd49217e6cc7944e145cdda8caa3734777f9e69", size = 45739 },
]

[[package]]
name = "watchdog"
version = "6.0.0"
source = { registry = "https://pypi.org/simple" }
sdist = { url = "https://files.pythonhosted.org/packages/db/7d/7f3d619e951c88ed75c6037b246ddcf2d322812ee8ea189be89511721d54/watchdog-6.0.0.tar.gz", hash = "sha256:9ddf7c82fda3ae8e24decda1338ede66e1c99883db93711d8fb941eaa2d8c282", size = 131220 }
wheels = [
    { url = "https://files.pythonhosted.org/packages/68/98/b0345cabdce2041a01293ba483333582891a3bd5769b08eceb0d406056ef/watchdog-6.0.0-cp313-cp313-macosx_10_13_universal2.whl", hash = "sha256:490ab2ef84f11129844c23fb14ecf30ef3d8a6abafd3754a6f75ca1e6654136c", size = 96480 },
    { url = "https://files.pythonhosted.org/packages/85/83/cdf13902c626b28eedef7ec4f10745c52aad8a8fe7eb04ed7b1f111ca20e/watchdog-6.0.0-cp313-cp313-macosx_10_13_x86_64.whl", hash = "sha256:76aae96b00ae814b181bb25b1b98076d5fc84e8a53cd8885a318b42b6d3a5134", size = 88451 },
    { url = "https://files.pythonhosted.org/packages/fe/c4/225c87bae08c8b9ec99030cd48ae9c4eca050a59bf5c2255853e18c87b50/watchdog-6.0.0-cp313-cp313-macosx_11_0_arm64.whl", hash = "sha256:a175f755fc2279e0b7312c0035d52e27211a5bc39719dd529625b1930917345b", size = 89057 },
    { url = "https://files.pythonhosted.org/packages/a9/c7/ca4bf3e518cb57a686b2feb4f55a1892fd9a3dd13f470fca14e00f80ea36/watchdog-6.0.0-py3-none-manylinux2014_aarch64.whl", hash = "sha256:7607498efa04a3542ae3e05e64da8202e58159aa1fa4acddf7678d34a35d4f13", size = 79079 },
    { url = "https://files.pythonhosted.org/packages/5c/51/d46dc9332f9a647593c947b4b88e2381c8dfc0942d15b8edc0310fa4abb1/watchdog-6.0.0-py3-none-manylinux2014_armv7l.whl", hash = "sha256:9041567ee8953024c83343288ccc458fd0a2d811d6a0fd68c4c22609e3490379", size = 79078 },
    { url = "https://files.pythonhosted.org/packages/d4/57/04edbf5e169cd318d5f07b4766fee38e825d64b6913ca157ca32d1a42267/watchdog-6.0.0-py3-none-manylinux2014_i686.whl", hash = "sha256:82dc3e3143c7e38ec49d61af98d6558288c415eac98486a5c581726e0737c00e", size = 79076 },
    { url = "https://files.pythonhosted.org/packages/ab/cc/da8422b300e13cb187d2203f20b9253e91058aaf7db65b74142013478e66/watchdog-6.0.0-py3-none-manylinux2014_ppc64.whl", hash = "sha256:212ac9b8bf1161dc91bd09c048048a95ca3a4c4f5e5d4a7d1b1a7d5752a7f96f", size = 79077 },
    { url = "https://files.pythonhosted.org/packages/2c/3b/b8964e04ae1a025c44ba8e4291f86e97fac443bca31de8bd98d3263d2fcf/watchdog-6.0.0-py3-none-manylinux2014_ppc64le.whl", hash = "sha256:e3df4cbb9a450c6d49318f6d14f4bbc80d763fa587ba46ec86f99f9e6876bb26", size = 79078 },
    { url = "https://files.pythonhosted.org/packages/62/ae/a696eb424bedff7407801c257d4b1afda455fe40821a2be430e173660e81/watchdog-6.0.0-py3-none-manylinux2014_s390x.whl", hash = "sha256:2cce7cfc2008eb51feb6aab51251fd79b85d9894e98ba847408f662b3395ca3c", size = 79077 },
    { url = "https://files.pythonhosted.org/packages/b5/e8/dbf020b4d98251a9860752a094d09a65e1b436ad181faf929983f697048f/watchdog-6.0.0-py3-none-manylinux2014_x86_64.whl", hash = "sha256:20ffe5b202af80ab4266dcd3e91aae72bf2da48c0d33bdb15c66658e685e94e2", size = 79078 },
    { url = "https://files.pythonhosted.org/packages/07/f6/d0e5b343768e8bcb4cda79f0f2f55051bf26177ecd5651f84c07567461cf/watchdog-6.0.0-py3-none-win32.whl", hash = "sha256:07df1fdd701c5d4c8e55ef6cf55b8f0120fe1aef7ef39a1c6fc6bc2e606d517a", size = 79065 },
    { url = "https://files.pythonhosted.org/packages/db/d9/c495884c6e548fce18a8f40568ff120bc3a4b7b99813081c8ac0c936fa64/watchdog-6.0.0-py3-none-win_amd64.whl", hash = "sha256:cbafb470cf848d93b5d013e2ecb245d4aa1c8fd0504e863ccefa32445359d680", size = 79070 },
    { url = "https://files.pythonhosted.org/packages/33/e8/e40370e6d74ddba47f002a32919d91310d6074130fe4e17dabcafc15cbf1/watchdog-6.0.0-py3-none-win_ia64.whl", hash = "sha256:a1914259fa9e1454315171103c6a30961236f508b9b623eae470268bbcc6a22f", size = 79067 },
]

[[package]]
name = "yt-dlp"
version = "2025.3.31"
source = { registry = "https://pypi.org/simple" }
sdist = { url = "https://files.pythonhosted.org/packages/a2/11/333d16f88b1515d4c601e1dfbf1028e6798f0b2a8ff1dc5aaa7b797aa9e8/yt_dlp-2025.3.31.tar.gz", hash = "sha256:1bfe0e660d1a70a09e27b2d58f92e30b1e2e362cc487829f2f824346ae49fb91", size = 2967466 }
wheels = [
    { url = "https://files.pythonhosted.org/packages/a8/bf/7b0affb8f163376309696cfd1c677818fa0969fbb9d88225087208799afe/yt_dlp-2025.3.31-py3-none-any.whl", hash = "sha256:8ecb3aa218a3bebe431119f513a8972b9b9d992edf67168c00ab92329a03baec", size = 3226021 },
]
